
Microsoft Visual Studio Solution File, Format Version 12.00
# Visual Studio Version 17
VisualStudioVersion = 17.9.34728.123
MinimumVisualStudioVersion = 10.0.40219.1
Project("{FAE04EC0-301F-11D3-BF4B-00C04F79EFBC}") = "EF.demo", "EF.demo.csproj", "{0ABF74B9-22A8-420A-BB1E-5E155951E09B}"
EndProject
Project("{FAE04EC0-301F-11D3-BF4B-00C04F79EFBC}") = "ReverseEngineering", "..\ReverseEngineering\ReverseEngineering.csproj", "{61EAB2E7-5540-4018-945D-38288A228038}"
EndProject
Global
	GlobalSection(SolutionConfigurationPlatforms) = preSolution
		Debug|Any CPU = Debug|Any CPU
		Release|Any CPU = Release|Any CPU
	EndGlobalSection
	GlobalSection(ProjectConfigurationPlatforms) = postSolution
		{0ABF74B9-22A8-420A-BB1E-5E155951E09B}.Debug|Any CPU.ActiveCfg = Debug|Any CPU
		{0ABF74B9-22A8-420A-BB1E-5E155951E09B}.Debug|Any CPU.Build.0 = Debug|Any CPU
		{0ABF74B9-22A8-420A-BB1E-5E155951E09B}.Release|Any CPU.ActiveCfg = Release|Any CPU
		{0ABF74B9-22A8-420A-BB1E-5E155951E09B}.Release|Any CPU.Build.0 = Release|Any CPU
		{61EAB2E7-5540-4018-945D-38288A228038}.Debug|Any CPU.ActiveCfg = Debug|Any CPU
		{61EAB2E7-5540-4018-945D-38288A228038}.Debug|Any CPU.Build.0 = Debug|Any CPU
		{61EAB2E7-5540-4018-945D-38288A228038}.Release|Any CPU.ActiveCfg = Release|Any CPU
		{61EAB2E7-5540-4018-945D-38288A228038}.Release|Any CPU.Build.0 = Release|Any CPU
	EndGlobalSection
	GlobalSection(SolutionProperties) = preSolution
		HideSolutionNode = FALSE
	EndGlobalSection
	GlobalSection(ExtensibilityGlobals) = postSolution
		SolutionGuid = {CC9C27F6-3B1F-407C-BFE4-6F54551856BC}
	EndGlobalSection
EndGlobal
