
Microsoft Visual Studio Solution File, Format Version 12.00
# Visual Studio Version 17
VisualStudioVersion = 17.9.34728.123
MinimumVisualStudioVersion = 10.0.40219.1
Project("{FAE04EC0-301F-11D3-BF4B-00C04F79EFBC}") = "Logging.Demo", "Logging.Demo.csproj", "{F5B0EFB9-72B6-4B51-8BF0-FADA6B5E2FEC}"
EndProject
Project("{FAE04EC0-301F-11D3-BF4B-00C04F79EFBC}") = "Logging.Nlog.Demo", "..\Logging.Nlog.Demo\Logging.Nlog.Demo.csproj", "{11572D4B-F1BD-42D7-9EAC-37217A1E1AE8}"
EndProject
Global
	GlobalSection(SolutionConfigurationPlatforms) = preSolution
		Debug|Any CPU = Debug|Any CPU
		Release|Any CPU = Release|Any CPU
	EndGlobalSection
	GlobalSection(ProjectConfigurationPlatforms) = postSolution
		{F5B0EFB9-72B6-4B51-8BF0-FADA6B5E2FEC}.Debug|Any CPU.ActiveCfg = Debug|Any CPU
		{F5B0EFB9-72B6-4B51-8BF0-FADA6B5E2FEC}.Debug|Any CPU.Build.0 = Debug|Any CPU
		{F5B0EFB9-72B6-4B51-8BF0-FADA6B5E2FEC}.Release|Any CPU.ActiveCfg = Release|Any CPU
		{F5B0EFB9-72B6-4B51-8BF0-FADA6B5E2FEC}.Release|Any CPU.Build.0 = Release|Any CPU
		{11572D4B-F1BD-42D7-9EAC-37217A1E1AE8}.Debug|Any CPU.ActiveCfg = Debug|Any CPU
		{11572D4B-F1BD-42D7-9EAC-37217A1E1AE8}.Debug|Any CPU.Build.0 = Debug|Any CPU
		{11572D4B-F1BD-42D7-9EAC-37217A1E1AE8}.Release|Any CPU.ActiveCfg = Release|Any CPU
		{11572D4B-F1BD-42D7-9EAC-37217A1E1AE8}.Release|Any CPU.Build.0 = Release|Any CPU
	EndGlobalSection
	GlobalSection(SolutionProperties) = preSolution
		HideSolutionNode = FALSE
	EndGlobalSection
	GlobalSection(ExtensibilityGlobals) = postSolution
		SolutionGuid = {6E2E4274-6BD9-45A8-8F14-A8822C75CFD4}
	EndGlobalSection
EndGlobal
